
Microsoft Visual Studio Solution File, Format Version 12.00
# Visual Studio 15
VisualStudioVersion = 15.0.27004.2010
MinimumVisualStudioVersion = 10.0.40219.1
Project("{FAE04EC0-301F-11D3-BF4B-00C04F79EFBC}") = "TrackerLibrary", "TrackerLibrary\TrackerLibrary.csproj", "{AF03D60D-AE87-44FF-9FA6-F04F8EA443A0}"
EndProject
Project("{FAE04EC0-301F-11D3-BF4B-00C04F79EFBC}") = "TrackerUI", "TrackerUI\TrackerUI.csproj", "{C54629EE-2CDD-4DA2-9928-96DC98D7FA24}"
EndProject
Project("{FAE04EC0-301F-11D3-BF4B-00C04F79EFBC}") = "DynamicQuery", "DynamicQuery\DynamicQuery\DynamicQuery.csproj", "{F285CEB0-4108-440C-AD94-1C1A7C159D7C}"
EndProject
Global
	GlobalSection(SolutionConfigurationPlatforms) = preSolution
		Debug|Any CPU = Debug|Any CPU
		Release|Any CPU = Release|Any CPU
	EndGlobalSection
	GlobalSection(ProjectConfigurationPlatforms) = postSolution
		{AF03D60D-AE87-44FF-9FA6-F04F8EA443A0}.Debug|Any CPU.ActiveCfg = Debug|Any CPU
		{AF03D60D-AE87-44FF-9FA6-F04F8EA443A0}.Debug|Any CPU.Build.0 = Debug|Any CPU
		{AF03D60D-AE87-44FF-9FA6-F04F8EA443A0}.Release|Any CPU.ActiveCfg = Release|Any CPU
		{AF03D60D-AE87-44FF-9FA6-F04F8EA443A0}.Release|Any CPU.Build.0 = Release|Any CPU
		{C54629EE-2CDD-4DA2-9928-96DC98D7FA24}.Debug|Any CPU.ActiveCfg = Debug|Any CPU
		{C54629EE-2CDD-4DA2-9928-96DC98D7FA24}.Debug|Any CPU.Build.0 = Debug|Any CPU
		{C54629EE-2CDD-4DA2-9928-96DC98D7FA24}.Release|Any CPU.ActiveCfg = Release|Any CPU
		{C54629EE-2CDD-4DA2-9928-96DC98D7FA24}.Release|Any CPU.Build.0 = Release|Any CPU
		{F285CEB0-4108-440C-AD94-1C1A7C159D7C}.Debug|Any CPU.ActiveCfg = Debug|Any CPU
		{F285CEB0-4108-440C-AD94-1C1A7C159D7C}.Debug|Any CPU.Build.0 = Debug|Any CPU
		{F285CEB0-4108-440C-AD94-1C1A7C159D7C}.Release|Any CPU.ActiveCfg = Release|Any CPU
		{F285CEB0-4108-440C-AD94-1C1A7C159D7C}.Release|Any CPU.Build.0 = Release|Any CPU
	EndGlobalSection
	GlobalSection(SolutionProperties) = preSolution
		HideSolutionNode = FALSE
	EndGlobalSection
	GlobalSection(ExtensibilityGlobals) = postSolution
		SolutionGuid = {144F13F0-2301-4C10-B233-7AA9EC97F2B3}
	EndGlobalSection
EndGlobal
